{
    "name": "app",
    "version": "0.0.1",
    "lockfileVersion": 1,
    "requires": true,
    "dependencies": {
        "@types/socket.io-client": {
            "version": "1.4.35",
            "resolved": "https://registry.npmjs.org/@types/socket.io-client/-/socket.io-client-1.4.35.tgz",
            "integrity": "sha512-MI8YmxFS+jMkIziycT5ickBWK1sZwDwy16mgH/j99Mcom6zRG/NimNGQ3vJV0uX5G6g/hEw0FG3w3b3sT5OUGw==",
            "dev": true
        }
    }
}
